<Solution>
  <Project Path="AskErik.AppHost/AskErik.AppHost.csproj" />
  <Project Path="AskErik.LessonApi/AskErik.LessonApi.csproj" />
  <Project Path="AskErik.ServiceDefaults/AskErik.ServiceDefaults.csproj" />
  <Project Path="AskErik.Tests/AskErik.Tests.csproj" />
  <Project Path="AskErik.Web/AskErik.Web.csproj" />
</Solution>
